// !$*UTF8*$!
{
	archiveVersion = 1;
	classes = {
	};
	objectVersion = 55;
	objects = {

/* Begin PBXBuildFile section */
		3CCF51D518BFA7B5A4AE8947 /* Pods_alarm2.framework in Frameworks */ = {isa = PBXBuildFile; fileRef = 90CEC46C13DEC8C7696DCAB8 /* Pods_alarm2.framework */; };
		7A5B62B22C6B079E00DFC48F /* repeatTableViewCell.swift in Sources */ = {isa = PBXBuildFile; fileRef = 7A5B62B02C6B079E00DFC48F /* repeatTableViewCell.swift */; };
		7A5B62B32C6B079E00DFC48F /* repeatTableViewCell.xib in Resources */ = {isa = PBXBuildFile; fileRef = 7A5B62B12C6B079E00DFC48F /* repeatTableViewCell.xib */; };
		7A5B62B62C6B0DA300DFC48F /* repeatVC.swift in Sources */ = {isa = PBXBuildFile; fileRef = 7A5B62B42C6B0DA300DFC48F /* repeatVC.swift */; };
		7A5B62B72C6B0DA300DFC48F /* repeatVC.xib in Resources */ = {isa = PBXBuildFile; fileRef = 7A5B62B52C6B0DA300DFC48F /* repeatVC.xib */; };
		7A5B62BA2C6B428000DFC48F /* voiceVC.swift in Sources */ = {isa = PBXBuildFile; fileRef = 7A5B62B82C6B428000DFC48F /* voiceVC.swift */; };
		7A5B62BB2C6B428000DFC48F /* voiceVC.xib in Resources */ = {isa = PBXBuildFile; fileRef = 7A5B62B92C6B428000DFC48F /* voiceVC.xib */; };
		7A5B62BE2C6B42A100DFC48F /* voiceTableViewCell.swift in Sources */ = {isa = PBXBuildFile; fileRef = 7A5B62BC2C6B42A100DFC48F /* voiceTableViewCell.swift */; };
		7A5B62BF2C6B42A100DFC48F /* voiceTableViewCell.xib in Resources */ = {isa = PBXBuildFile; fileRef = 7A5B62BD2C6B42A100DFC48F /* voiceTableViewCell.xib */; };
		7A5D81D62C6C715800CB5E12 /* realmModel.swift in Sources */ = {isa = PBXBuildFile; fileRef = 7A5D81D52C6C715800CB5E12 /* realmModel.swift */; };
		7A66BFE72C63483600B8E47E /* clockTableViewCell.swift in Sources */ = {isa = PBXBuildFile; fileRef = 7A66BFE52C63483600B8E47E /* clockTableViewCell.swift */; };
		7A66BFE82C63483600B8E47E /* clockTableViewCell.xib in Resources */ = {isa = PBXBuildFile; fileRef = 7A66BFE62C63483600B8E47E /* clockTableViewCell.xib */; };
		7A731FB52C665B9300088FFD /* alarmAddVC.swift in Sources */ = {isa = PBXBuildFile; fileRef = 7A731FB32C665B9300088FFD /* alarmAddVC.swift */; };
		7A731FB62C665B9300088FFD /* alarmAddVC.xib in Resources */ = {isa = PBXBuildFile; fileRef = 7A731FB42C665B9300088FFD /* alarmAddVC.xib */; };
		7A73849E2C61F64100E7F4D7 /* AppDelegate.swift in Sources */ = {isa = PBXBuildFile; fileRef = 7A73849D2C61F64100E7F4D7 /* AppDelegate.swift */; };
		7A7384A02C61F64100E7F4D7 /* SceneDelegate.swift in Sources */ = {isa = PBXBuildFile; fileRef = 7A73849F2C61F64100E7F4D7 /* SceneDelegate.swift */; };
		7A7384A72C61F64400E7F4D7 /* Assets.xcassets in Resources */ = {isa = PBXBuildFile; fileRef = 7A7384A62C61F64400E7F4D7 /* Assets.xcassets */; };
		7A7384AA2C61F64400E7F4D7 /* LaunchScreen.storyboard in Resources */ = {isa = PBXBuildFile; fileRef = 7A7384A82C61F64400E7F4D7 /* LaunchScreen.storyboard */; };
		7A7384B32C61F69700E7F4D7 /* MainViewController.swift in Sources */ = {isa = PBXBuildFile; fileRef = 7A7384B12C61F69700E7F4D7 /* MainViewController.swift */; };
		7A7384B42C61F69700E7F4D7 /* MainViewController.xib in Resources */ = {isa = PBXBuildFile; fileRef = 7A7384B22C61F69700E7F4D7 /* MainViewController.xib */; };
		7A7384B62C61FB2600E7F4D7 /* ViewController.swift in Sources */ = {isa = PBXBuildFile; fileRef = 7A7384B52C61FB2600E7F4D7 /* ViewController.swift */; };
/* End PBXBuildFile section */

/* Begin PBXFileReference section */
		3CDC0B9923237ADD687B90D2 /* Pods-alarm2.release.xcconfig */ = {isa = PBXFileReference; includeInIndex = 1; lastKnownFileType = text.xcconfig; name = "Pods-alarm2.release.xcconfig"; path = "Target Support Files/Pods-alarm2/Pods-alarm2.release.xcconfig"; sourceTree = "<group>"; };
		729D7F9755B9F11C3883ABE4 /* Pods-alarm2.debug.xcconfig */ = {isa = PBXFileReference; includeInIndex = 1; lastKnownFileType = text.xcconfig; name = "Pods-alarm2.debug.xcconfig"; path = "Target Support Files/Pods-alarm2/Pods-alarm2.debug.xcconfig"; sourceTree = "<group>"; };
		7A5B62B02C6B079E00DFC48F /* repeatTableViewCell.swift */ = {isa = PBXFileReference; lastKnownFileType = sourcecode.swift; path = repeatTableViewCell.swift; sourceTree = "<group>"; };
		7A5B62B12C6B079E00DFC48F /* repeatTableViewCell.xib */ = {isa = PBXFileReference; lastKnownFileType = file.xib; path = repeatTableViewCell.xib; sourceTree = "<group>"; };
		7A5B62B42C6B0DA300DFC48F /* repeatVC.swift */ = {isa = PBXFileReference; lastKnownFileType = sourcecode.swift; path = repeatVC.swift; sourceTree = "<group>"; };
		7A5B62B52C6B0DA300DFC48F /* repeatVC.xib */ = {isa = PBXFileReference; lastKnownFileType = file.xib; path = repeatVC.xib; sourceTree = "<group>"; };
		7A5B62B82C6B428000DFC48F /* voiceVC.swift */ = {isa = PBXFileReference; lastKnownFileType = sourcecode.swift; path = voiceVC.swift; sourceTree = "<group>"; };
		7A5B62B92C6B428000DFC48F /* voiceVC.xib */ = {isa = PBXFileReference; lastKnownFileType = file.xib; path = voiceVC.xib; sourceTree = "<group>"; };
		7A5B62BC2C6B42A100DFC48F /* voiceTableViewCell.swift */ = {isa = PBXFileReference; lastKnownFileType = sourcecode.swift; path = voiceTableViewCell.swift; sourceTree = "<group>"; };
		7A5B62BD2C6B42A100DFC48F /* voiceTableViewCell.xib */ = {isa = PBXFileReference; lastKnownFileType = file.xib; path = voiceTableViewCell.xib; sourceTree = "<group>"; };
		7A5D81D52C6C715800CB5E12 /* realmModel.swift */ = {isa = PBXFileReference; lastKnownFileType = sourcecode.swift; path = realmModel.swift; sourceTree = "<group>"; };
		7A66BFE52C63483600B8E47E /* clockTableViewCell.swift */ = {isa = PBXFileReference; lastKnownFileType = sourcecode.swift; path = clockTableViewCell.swift; sourceTree = "<group>"; };
		7A66BFE62C63483600B8E47E /* clockTableViewCell.xib */ = {isa = PBXFileReference; lastKnownFileType = file.xib; path = clockTableViewCell.xib; sourceTree = "<group>"; };
		7A731FB32C665B9300088FFD /* alarmAddVC.swift */ = {isa = PBXFileReference; lastKnownFileType = sourcecode.swift; path = alarmAddVC.swift; sourceTree = "<group>"; };
		7A731FB42C665B9300088FFD /* alarmAddVC.xib */ = {isa = PBXFileReference; lastKnownFileType = file.xib; path = alarmAddVC.xib; sourceTree = "<group>"; };
		7A73849A2C61F64100E7F4D7 /* alarm2.app */ = {isa = PBXFileReference; explicitFileType = wrapper.application; includeInIndex = 0; path = alarm2.app; sourceTree = BUILT_PRODUCTS_DIR; };
		7A73849D2C61F64100E7F4D7 /* AppDelegate.swift */ = {isa = PBXFileReference; lastKnownFileType = sourcecode.swift; path = AppDelegate.swift; sourceTree = "<group>"; };
		7A73849F2C61F64100E7F4D7 /* SceneDelegate.swift */ = {isa = PBXFileReference; lastKnownFileType = sourcecode.swift; path = SceneDelegate.swift; sourceTree = "<group>"; };
		7A7384A62C61F64400E7F4D7 /* Assets.xcassets */ = {isa = PBXFileReference; lastKnownFileType = folder.assetcatalog; path = Assets.xcassets; sourceTree = "<group>"; };
		7A7384A92C61F64400E7F4D7 /* Base */ = {isa = PBXFileReference; lastKnownFileType = file.storyboard; name = Base; path = Base.lproj/LaunchScreen.storyboard; sourceTree = "<group>"; };
		7A7384AB2C61F64400E7F4D7 /* Info.plist */ = {isa = PBXFileReference; lastKnownFileType = text.plist.xml; path = Info.plist; sourceTree = "<group>"; };
		7A7384B12C61F69700E7F4D7 /* MainViewController.swift */ = {isa = PBXFileReference; lastKnownFileType = sourcecode.swift; path = MainViewController.swift; sourceTree = "<group>"; };
		7A7384B22C61F69700E7F4D7 /* MainViewController.xib */ = {isa = PBXFileReference; lastKnownFileType = file.xib; path = MainViewController.xib; sourceTree = "<group>"; };
		7A7384B52C61FB2600E7F4D7 /* ViewController.swift */ = {isa = PBXFileReference; lastKnownFileType = sourcecode.swift; path = ViewController.swift; sourceTree = "<group>"; };
		90CEC46C13DEC8C7696DCAB8 /* Pods_alarm2.framework */ = {isa = PBXFileReference; explicitFileType = wrapper.framework; includeInIndex = 0; path = Pods_alarm2.framework; sourceTree = BUILT_PRODUCTS_DIR; };
/* End PBXFileReference section */

/* Begin PBXFrameworksBuildPhase section */
		7A7384972C61F64100E7F4D7 /* Frameworks */ = {
			isa = PBXFrameworksBuildPhase;
			buildActionMask = 2147483647;
			files = (
				3CCF51D518BFA7B5A4AE8947 /* Pods_alarm2.framework in Frameworks */,
			);
			runOnlyForDeploymentPostprocessing = 0;
		};
/* End PBXFrameworksBuildPhase section */

/* Begin PBXGroup section */
		35D3A794C5AECB20AFE77F0F /* Pods */ = {
			isa = PBXGroup;
			children = (
				729D7F9755B9F11C3883ABE4 /* Pods-alarm2.debug.xcconfig */,
				3CDC0B9923237ADD687B90D2 /* Pods-alarm2.release.xcconfig */,
			);
			path = Pods;
			sourceTree = "<group>";
		};
		6D8B912DADDD68DAE9E2F420 /* Frameworks */ = {
			isa = PBXGroup;
			children = (
				90CEC46C13DEC8C7696DCAB8 /* Pods_alarm2.framework */,
			);
			name = Frameworks;
			sourceTree = "<group>";
		};
		7A66BFE02C63441400B8E47E /* model */ = {
			isa = PBXGroup;
			children = (
				7A5D81D52C6C715800CB5E12 /* realmModel.swift */,
			);
			path = model;
			sourceTree = "<group>";
		};
		7A66BFE12C63442500B8E47E /* View */ = {
			isa = PBXGroup;
			children = (
			);
			path = View;
			sourceTree = "<group>";
		};
		7A66BFE22C63442E00B8E47E /* Controller */ = {
			isa = PBXGroup;
			children = (
				7A66BFE32C63448100B8E47E /* MainView */,
			);
			path = Controller;
			sourceTree = "<group>";
		};
		7A66BFE32C63448100B8E47E /* MainView */ = {
			isa = PBXGroup;
			children = (
				7A7384B52C61FB2600E7F4D7 /* ViewController.swift */,
				7A66BFE42C63450100B8E47E /* Components */,
			);
			path = MainView;
			sourceTree = "<group>";
		};
		7A66BFE42C63450100B8E47E /* Components */ = {
			isa = PBXGroup;
			children = (
				7A7384B12C61F69700E7F4D7 /* MainViewController.swift */,
				7A7384B22C61F69700E7F4D7 /* MainViewController.xib */,
				7A66BFE52C63483600B8E47E /* clockTableViewCell.swift */,
				7A66BFE62C63483600B8E47E /* clockTableViewCell.xib */,
				7A731FB32C665B9300088FFD /* alarmAddVC.swift */,
				7A731FB42C665B9300088FFD /* alarmAddVC.xib */,
				7A5B62B02C6B079E00DFC48F /* repeatTableViewCell.swift */,
				7A5B62B12C6B079E00DFC48F /* repeatTableViewCell.xib */,
				7A5B62B42C6B0DA300DFC48F /* repeatVC.swift */,
				7A5B62B52C6B0DA300DFC48F /* repeatVC.xib */,
				7A5B62B82C6B428000DFC48F /* voiceVC.swift */,
				7A5B62B92C6B428000DFC48F /* voiceVC.xib */,
				7A5B62BC2C6B42A100DFC48F /* voiceTableViewCell.swift */,
				7A5B62BD2C6B42A100DFC48F /* voiceTableViewCell.xib */,
			);
			path = Components;
			sourceTree = "<group>";
		};
		7A7384912C61F64100E7F4D7 = {
			isa = PBXGroup;
			children = (
				7A73849C2C61F64100E7F4D7 /* alarm2 */,
				7A73849B2C61F64100E7F4D7 /* Products */,
				35D3A794C5AECB20AFE77F0F /* Pods */,
				6D8B912DADDD68DAE9E2F420 /* Frameworks */,
			);
			sourceTree = "<group>";
		};
		7A73849B2C61F64100E7F4D7 /* Products */ = {
			isa = PBXGroup;
			children = (
				7A73849A2C61F64100E7F4D7 /* alarm2.app */,
			);
			name = Products;
			sourceTree = "<group>";
		};
		7A73849C2C61F64100E7F4D7 /* alarm2 */ = {
			isa = PBXGroup;
			children = (
				7A73849D2C61F64100E7F4D7 /* AppDelegate.swift */,
				7A73849F2C61F64100E7F4D7 /* SceneDelegate.swift */,
				7A66BFE22C63442E00B8E47E /* Controller */,
				7A66BFE12C63442500B8E47E /* View */,
				7A66BFE02C63441400B8E47E /* model */,
				7A7384A62C61F64400E7F4D7 /* Assets.xcassets */,
				7A7384A82C61F64400E7F4D7 /* LaunchScreen.storyboard */,
				7A7384AB2C61F64400E7F4D7 /* Info.plist */,
			);
			path = alarm2;
			sourceTree = "<group>";
		};
/* End PBXGroup section */

/* Begin PBXNativeTarget section */
		7A7384992C61F64100E7F4D7 /* alarm2 */ = {
			isa = PBXNativeTarget;
			buildConfigurationList = 7A7384AE2C61F64400E7F4D7 /* Build configuration list for PBXNativeTarget "alarm2" */;
			buildPhases = (
				D1189DE63F7CD74854CBB83C /* [CP] Check Pods Manifest.lock */,
				7A7384962C61F64100E7F4D7 /* Sources */,
				7A7384972C61F64100E7F4D7 /* Frameworks */,
				7A7384982C61F64100E7F4D7 /* Resources */,
				511562B43F307A0221B635B8 /* [CP] Embed Pods Frameworks */,
			);
			buildRules = (
			);
			dependencies = (
			);
			name = alarm2;
			productName = alarm2;
			productReference = 7A73849A2C61F64100E7F4D7 /* alarm2.app */;
			productType = "com.apple.product-type.application";
		};
/* End PBXNativeTarget section */

/* Begin PBXProject section */
		7A7384922C61F64100E7F4D7 /* Project object */ = {
			isa = PBXProject;
			attributes = {
				BuildIndependentTargetsInParallel = 1;
				LastSwiftUpdateCheck = 1320;
				LastUpgradeCheck = 1320;
				TargetAttributes = {
					7A7384992C61F64100E7F4D7 = {
						CreatedOnToolsVersion = 13.2.1;
					};
				};
			};
			buildConfigurationList = 7A7384952C61F64100E7F4D7 /* Build configuration list for PBXProject "alarm2" */;
			compatibilityVersion = "Xcode 13.0";
			developmentRegion = en;
			hasScannedForEncodings = 0;
			knownRegions = (
				en,
				Base,
			);
			mainGroup = 7A7384912C61F64100E7F4D7;
			productRefGroup = 7A73849B2C61F64100E7F4D7 /* Products */;
			projectDirPath = "";
			projectRoot = "";
			targets = (
				7A7384992C61F64100E7F4D7 /* alarm2 */,
			);
		};
/* End PBXProject section */

/* Begin PBXResourcesBuildPhase section */
		7A7384982C61F64100E7F4D7 /* Resources */ = {
			isa = PBXResourcesBuildPhase;
			buildActionMask = 2147483647;
			files = (
				7A7384AA2C61F64400E7F4D7 /* LaunchScreen.storyboard in Resources */,
				7A731FB62C665B9300088FFD /* alarmAddVC.xib in Resources */,
				7A5B62BF2C6B42A100DFC48F /* voiceTableViewCell.xib in Resources */,
				7A7384B42C61F69700E7F4D7 /* MainViewController.xib in Resources */,
				7A5B62BB2C6B428000DFC48F /* voiceVC.xib in Resources */,
				7A66BFE82C63483600B8E47E /* clockTableViewCell.xib in Resources */,
				7A5B62B72C6B0DA300DFC48F /* repeatVC.xib in Resources */,
				7A7384A72C61F64400E7F4D7 /* Assets.xcassets in Resources */,
				7A5B62B32C6B079E00DFC48F /* repeatTableViewCell.xib in Resources */,
			);
			runOnlyForDeploymentPostprocessing = 0;
		};
/* End PBXResourcesBuildPhase section */

/* Begin PBXShellScriptBuildPhase section */
		511562B43F307A0221B635B8 /* [CP] Embed Pods Frameworks */ = {
			isa = PBXShellScriptBuildPhase;
			buildActionMask = 2147483647;
			files = (
			);
			inputFileListPaths = (
				"${PODS_ROOT}/Target Support Files/Pods-alarm2/Pods-alarm2-frameworks-${CONFIGURATION}-input-files.xcfilelist",
			);
			name = "[CP] Embed Pods Frameworks";
			outputFileListPaths = (
				"${PODS_ROOT}/Target Support Files/Pods-alarm2/Pods-alarm2-frameworks-${CONFIGURATION}-output-files.xcfilelist",
			);
			runOnlyForDeploymentPostprocessing = 0;
			shellPath = /bin/sh;
			shellScript = "\"${PODS_ROOT}/Target Support Files/Pods-alarm2/Pods-alarm2-frameworks.sh\"\n";
			showEnvVarsInLog = 0;
		};
		D1189DE63F7CD74854CBB83C /* [CP] Check Pods Manifest.lock */ = {
			isa = PBXShellScriptBuildPhase;
			buildActionMask = 2147483647;
			files = (
			);
			inputFileListPaths = (
			);
			inputPaths = (
				"${PODS_PODFILE_DIR_PATH}/Podfile.lock",
				"${PODS_ROOT}/Manifest.lock",
			);
			name = "[CP] Check Pods Manifest.lock";
			outputFileListPaths = (
			);
			outputPaths = (
				"$(DERIVED_FILE_DIR)/Pods-alarm2-checkManifestLockResult.txt",
			);
			runOnlyForDeploymentPostprocessing = 0;
			shellPath = /bin/sh;
			shellScript = "diff \"${PODS_PODFILE_DIR_PATH}/Podfile.lock\" \"${PODS_ROOT}/Manifest.lock\" > /dev/null\nif [ $? != 0 ] ; then\n    # print error to STDERR\n    echo \"error: The sandbox is not in sync with the Podfile.lock. Run 'pod install' or update your CocoaPods installation.\" >&2\n    exit 1\nfi\n# This output is used by Xcode 'outputs' to avoid re-running this script phase.\necho \"SUCCESS\" > \"${SCRIPT_OUTPUT_FILE_0}\"\n";
			showEnvVarsInLog = 0;
		};
/* End PBXShellScriptBuildPhase section */

/* Begin PBXSourcesBuildPhase section */
		7A7384962C61F64100E7F4D7 /* Sources */ = {
			isa = PBXSourcesBuildPhase;
			buildActionMask = 2147483647;
			files = (
				7A5B62B22C6B079E00DFC48F /* repeatTableViewCell.swift in Sources */,
				7A7384B32C61F69700E7F4D7 /* MainViewController.swift in Sources */,
				7A5B62BA2C6B428000DFC48F /* voiceVC.swift in Sources */,
				7A73849E2C61F64100E7F4D7 /* AppDelegate.swift in Sources */,
				7A5B62BE2C6B42A100DFC48F /* voiceTableViewCell.swift in Sources */,
				7A5B62B62C6B0DA300DFC48F /* repeatVC.swift in Sources */,
				7A731FB52C665B9300088FFD /* alarmAddVC.swift in Sources */,
				7A7384B62C61FB2600E7F4D7 /* ViewController.swift in Sources */,
				7A7384A02C61F64100E7F4D7 /* SceneDelegate.swift in Sources */,
				7A5D81D62C6C715800CB5E12 /* realmModel.swift in Sources */,
				7A66BFE72C63483600B8E47E /* clockTableViewCell.swift in Sources */,
			);
			runOnlyForDeploymentPostprocessing = 0;
		};
/* End PBXSourcesBuildPhase section */

/* Begin PBXVariantGroup section */
		7A7384A82C61F64400E7F4D7 /* LaunchScreen.storyboard */ = {
			isa = PBXVariantGroup;
			children = (
				7A7384A92C61F64400E7F4D7 /* Base */,
			);
			name = LaunchScreen.storyboard;
			sourceTree = "<group>";
		};
/* End PBXVariantGroup section */

/* Begin XCBuildConfiguration section */
		7A7384AC2C61F64400E7F4D7 /* Debug */ = {
			isa = XCBuildConfiguration;
			buildSettings = {
				ALWAYS_SEARCH_USER_PATHS = NO;
				CLANG_ANALYZER_NONNULL = YES;
				CLANG_ANALYZER_NUMBER_OBJECT_CONVERSION = YES_AGGRESSIVE;
				CLANG_CXX_LANGUAGE_STANDARD = "gnu++17";
				CLANG_CXX_LIBRARY = "libc++";
				CLANG_ENABLE_MODULES = YES;
				CLANG_ENABLE_OBJC_ARC = YES;
				CLANG_ENABLE_OBJC_WEAK = YES;
				CLANG_WARN_BLOCK_CAPTURE_AUTORELEASING = YES;
				CLANG_WARN_BOOL_CONVERSION = YES;
				CLANG_WARN_COMMA = YES;
				CLANG_WARN_CONSTANT_CONVERSION = YES;
				CLANG_WARN_DEPRECATED_OBJC_IMPLEMENTATIONS = YES;
				CLANG_WARN_DIRECT_OBJC_ISA_USAGE = YES_ERROR;
				CLANG_WARN_DOCUMENTATION_COMMENTS = YES;
				CLANG_WARN_EMPTY_BODY = YES;
				CLANG_WARN_ENUM_CONVERSION = YES;
				CLANG_WARN_INFINITE_RECURSION = YES;
				CLANG_WARN_INT_CONVERSION = YES;
				CLANG_WARN_NON_LITERAL_NULL_CONVERSION = YES;
				CLANG_WARN_OBJC_IMPLICIT_RETAIN_SELF = YES;
				CLANG_WARN_OBJC_LITERAL_CONVERSION = YES;
				CLANG_WARN_OBJC_ROOT_CLASS = YES_ERROR;
				CLANG_WARN_QUOTED_INCLUDE_IN_FRAMEWORK_HEADER = YES;
				CLANG_WARN_RANGE_LOOP_ANALYSIS = YES;
				CLANG_WARN_STRICT_PROTOTYPES = YES;
				CLANG_WARN_SUSPICIOUS_MOVE = YES;
				CLANG_WARN_UNGUARDED_AVAILABILITY = YES_AGGRESSIVE;
				CLANG_WARN_UNREACHABLE_CODE = YES;
				CLANG_WARN__DUPLICATE_METHOD_MATCH = YES;
				COPY_PHASE_STRIP = NO;
				DEBUG_INFORMATION_FORMAT = dwarf;
				ENABLE_STRICT_OBJC_MSGSEND = YES;
				ENABLE_TESTABILITY = YES;
				GCC_C_LANGUAGE_STANDARD = gnu11;
				GCC_DYNAMIC_NO_PIC = NO;
				GCC_NO_COMMON_BLOCKS = YES;
				GCC_OPTIMIZATION_LEVEL = 0;
				GCC_PREPROCESSOR_DEFINITIONS = (
					"DEBUG=1",
					"$(inherited)",
				);
				GCC_WARN_64_TO_32_BIT_CONVERSION = YES;
				GCC_WARN_ABOUT_RETURN_TYPE = YES_ERROR;
				GCC_WARN_UNDECLARED_SELECTOR = YES;
				GCC_WARN_UNINITIALIZED_AUTOS = YES_AGGRESSIVE;
				GCC_WARN_UNUSED_FUNCTION = YES;
				GCC_WARN_UNUSED_VARIABLE = YES;
				IPHONEOS_DEPLOYMENT_TARGET = 15.2;
				MTL_ENABLE_DEBUG_INFO = INCLUDE_SOURCE;
				MTL_FAST_MATH = YES;
				ONLY_ACTIVE_ARCH = YES;
				SDKROOT = iphoneos;
				SWIFT_ACTIVE_COMPILATION_CONDITIONS = DEBUG;
				SWIFT_OPTIMIZATION_LEVEL = "-Onone";
			};
			name = Debug;
		};
		7A7384AD2C61F64400E7F4D7 /* Release */ = {
			isa = XCBuildConfiguration;
			buildSettings = {
				ALWAYS_SEARCH_USER_PATHS = NO;
				CLANG_ANALYZER_NONNULL = YES;
				CLANG_ANALYZER_NUMBER_OBJECT_CONVERSION = YES_AGGRESSIVE;
				CLANG_CXX_LANGUAGE_STANDARD = "gnu++17";
				CLANG_CXX_LIBRARY = "libc++";
				CLANG_ENABLE_MODULES = YES;
				CLANG_ENABLE_OBJC_ARC = YES;
				CLANG_ENABLE_OBJC_WEAK = YES;
				CLANG_WARN_BLOCK_CAPTURE_AUTORELEASING = YES;
				CLANG_WARN_BOOL_CONVERSION = YES;
				CLANG_WARN_COMMA = YES;
				CLANG_WARN_CONSTANT_CONVERSION = YES;
				CLANG_WARN_DEPRECATED_OBJC_IMPLEMENTATIONS = YES;
				CLANG_WARN_DIRECT_OBJC_ISA_USAGE = YES_ERROR;
				CLANG_WARN_DOCUMENTATION_COMMENTS = YES;
				CLANG_WARN_EMPTY_BODY = YES;
				CLANG_WARN_ENUM_CONVERSION = YES;
				CLANG_WARN_INFINITE_RECURSION = YES;
				CLANG_WARN_INT_CONVERSION = YES;
				CLANG_WARN_NON_LITERAL_NULL_CONVERSION = YES;
				CLANG_WARN_OBJC_IMPLICIT_RETAIN_SELF = YES;
				CLANG_WARN_OBJC_LITERAL_CONVERSION = YES;
				CLANG_WARN_OBJC_ROOT_CLASS = YES_ERROR;
				CLANG_WARN_QUOTED_INCLUDE_IN_FRAMEWORK_HEADER = YES;
				CLANG_WARN_RANGE_LOOP_ANALYSIS = YES;
				CLANG_WARN_STRICT_PROTOTYPES = YES;
				CLANG_WARN_SUSPICIOUS_MOVE = YES;
				CLANG_WARN_UNGUARDED_AVAILABILITY = YES_AGGRESSIVE;
				CLANG_WARN_UNREACHABLE_CODE = YES;
				CLANG_WARN__DUPLICATE_METHOD_MATCH = YES;
				COPY_PHASE_STRIP = NO;
				DEBUG_INFORMATION_FORMAT = "dwarf-with-dsym";
				ENABLE_NS_ASSERTIONS = NO;
				ENABLE_STRICT_OBJC_MSGSEND = YES;
				GCC_C_LANGUAGE_STANDARD = gnu11;
				GCC_NO_COMMON_BLOCKS = YES;
				GCC_WARN_64_TO_32_BIT_CONVERSION = YES;
				GCC_WARN_ABOUT_RETURN_TYPE = YES_ERROR;
				GCC_WARN_UNDECLARED_SELECTOR = YES;
				GCC_WARN_UNINITIALIZED_AUTOS = YES_AGGRESSIVE;
				GCC_WARN_UNUSED_FUNCTION = YES;
				GCC_WARN_UNUSED_VARIABLE = YES;
				IPHONEOS_DEPLOYMENT_TARGET = 15.2;
				MTL_ENABLE_DEBUG_INFO = NO;
				MTL_FAST_MATH = YES;
				SDKROOT = iphoneos;
				SWIFT_COMPILATION_MODE = wholemodule;
				SWIFT_OPTIMIZATION_LEVEL = "-O";
				VALIDATE_PRODUCT = YES;
			};
			name = Release;
		};
		7A7384AF2C61F64400E7F4D7 /* Debug */ = {
			isa = XCBuildConfiguration;
			baseConfigurationReference = 729D7F9755B9F11C3883ABE4 /* Pods-alarm2.debug.xcconfig */;
			buildSettings = {
				ASSETCATALOG_COMPILER_APPICON_NAME = AppIcon;
				ASSETCATALOG_COMPILER_GLOBAL_ACCENT_COLOR_NAME = AccentColor;
				CODE_SIGN_STYLE = Automatic;
				CURRENT_PROJECT_VERSION = 1;
				GENERATE_INFOPLIST_FILE = YES;
				INFOPLIST_FILE = alarm2/Info.plist;
				INFOPLIST_KEY_UIApplicationSupportsIndirectInputEvents = YES;
				INFOPLIST_KEY_UILaunchStoryboardName = LaunchScreen;
				INFOPLIST_KEY_UISupportedInterfaceOrientations_iPad = "UIInterfaceOrientationPortrait UIInterfaceOrientationPortraitUpsideDown UIInterfaceOrientationLandscapeLeft UIInterfaceOrientationLandscapeRight";
				INFOPLIST_KEY_UISupportedInterfaceOrientations_iPhone = "UIInterfaceOrientationPortrait UIInterfaceOrientationLandscapeLeft UIInterfaceOrientationLandscapeRight";
				LD_RUNPATH_SEARCH_PATHS = (
					"$(inherited)",
					"@executable_path/Frameworks",
				);
				MARKETING_VERSION = 1.0;
				PRODUCT_BUNDLE_IDENTIFIER = com.Yulin.alarm2;
				PRODUCT_NAME = "$(TARGET_NAME)";
				SWIFT_EMIT_LOC_STRINGS = YES;
				SWIFT_VERSION = 5.0;
				TARGETED_DEVICE_FAMILY = "1,2";
			};
			name = Debug;
		};
		7A7384B02C61F64400E7F4D7 /* Release */ = {
			isa = XCBuildConfiguration;
			baseConfigurationReference = 3CDC0B9923237ADD687B90D2 /* Pods-alarm2.release.xcconfig */;
			buildSettings = {
				ASSETCATALOG_COMPILER_APPICON_NAME = AppIcon;
				ASSETCATALOG_COMPILER_GLOBAL_ACCENT_COLOR_NAME = AccentColor;
				CODE_SIGN_STYLE = Automatic;
				CURRENT_PROJECT_VERSION = 1;
				GENERATE_INFOPLIST_FILE = YES;
				INFOPLIST_FILE = alarm2/Info.plist;
				INFOPLIST_KEY_UIApplicationSupportsIndirectInputEvents = YES;
				INFOPLIST_KEY_UILaunchStoryboardName = LaunchScreen;
				INFOPLIST_KEY_UISupportedInterfaceOrientations_iPad = "UIInterfaceOrientationPortrait UIInterfaceOrientationPortraitUpsideDown UIInterfaceOrientationLandscapeLeft UIInterfaceOrientationLandscapeRight";
				INFOPLIST_KEY_UISupportedInterfaceOrientations_iPhone = "UIInterfaceOrientationPortrait UIInterfaceOrientationLandscapeLeft UIInterfaceOrientationLandscapeRight";
				LD_RUNPATH_SEARCH_PATHS = (
					"$(inherited)",
					"@executable_path/Frameworks",
				);
				MARKETING_VERSION = 1.0;
				PRODUCT_BUNDLE_IDENTIFIER = com.Yulin.alarm2;
				PRODUCT_NAME = "$(TARGET_NAME)";
				SWIFT_EMIT_LOC_STRINGS = YES;
				SWIFT_VERSION = 5.0;
				TARGETED_DEVICE_FAMILY = "1,2";
			};
			name = Release;
		};
/* End XCBuildConfiguration section */

/* Begin XCConfigurationList section */
		7A7384952C61F64100E7F4D7 /* Build configuration list for PBXProject "alarm2" */ = {
			isa = XCConfigurationList;
			buildConfigurations = (
				7A7384AC2C61F64400E7F4D7 /* Debug */,
				7A7384AD2C61F64400E7F4D7 /* Release */,
			);
			defaultConfigurationIsVisible = 0;
			defaultConfigurationName = Release;
		};
		7A7384AE2C61F64400E7F4D7 /* Build configuration list for PBXNativeTarget "alarm2" */ = {
			isa = XCConfigurationList;
			buildConfigurations = (
				7A7384AF2C61F64400E7F4D7 /* Debug */,
				7A7384B02C61F64400E7F4D7 /* Release */,
			);
			defaultConfigurationIsVisible = 0;
			defaultConfigurationName = Release;
		};
/* End XCConfigurationList section */
	};
	rootObject = 7A7384922C61F64100E7F4D7 /* Project object */;
}
